// !$*UTF8*$!
{
	archiveVersion = 1;
	classes = {
	};
	objectVersion = 46;
	objects = {

/* Begin PBXBuildFile section */
		04AC21141B2072E0007A780F /* main.m in Sources */ = {isa = PBXBuildFile; fileRef = 04AC21131B2072E0007A780F /* main.m */; };
		04AC21171B2072E0007A780F /* AppDelegate.m in Sources */ = {isa = PBXBuildFile; fileRef = 04AC21161B2072E0007A780F /* AppDelegate.m */; };
		04AC211A1B2072E0007A780F /* ViewController.m in Sources */ = {isa = PBXBuildFile; fileRef = 04AC21191B2072E0007A780F /* ViewController.m */; };
		04AC211F1B2072E0007A780F /* Images.xcassets in Resources */ = {isa = PBXBuildFile; fileRef = 04AC211E1B2072E0007A780F /* Images.xcassets */; };
		04AC21221B2072E0007A780F /* LaunchScreen.xib in Resources */ = {isa = PBXBuildFile; fileRef = 04AC21201B2072E0007A780F /* LaunchScreen.xib */; };
		04AC212E1B2072E0007A780F /* HJCActionSheetDemoTests.m in Sources */ = {isa = PBXBuildFile; fileRef = 04AC212D1B2072E0007A780F /* HJCActionSheetDemoTests.m */; };
		04AC213A1B207302007A780F /* HJCActionSheet.m in Sources */ = {isa = PBXBuildFile; fileRef = 04AC21391B207302007A780F /* HJCActionSheet.m */; };
/* End PBXBuildFile section */

/* Begin PBXContainerItemProxy section */
		04AC21281B2072E0007A780F /* PBXContainerItemProxy */ = {
			isa = PBXContainerItemProxy;
			containerPortal = 04AC21061B2072E0007A780F /* Project object */;
			proxyType = 1;
			remoteGlobalIDString = 04AC210D1B2072E0007A780F;
			remoteInfo = HJCActionSheetDemo;
		};
/* End PBXContainerItemProxy section */

/* Begin PBXFileReference section */
		04AC210E1B2072E0007A780F /* HJCActionSheetDemo.app */ = {isa = PBXFileReference; explicitFileType = wrapper.application; includeInIndex = 0; path = HJCActionSheetDemo.app; sourceTree = BUILT_PRODUCTS_DIR; };
		04AC21121B2072E0007A780F /* Info.plist */ = {isa = PBXFileReference; lastKnownFileType = text.plist.xml; path = Info.plist; sourceTree = "<group>"; };
		04AC21131B2072E0007A780F /* main.m */ = {isa = PBXFileReference; lastKnownFileType = sourcecode.c.objc; path = main.m; sourceTree = "<group>"; };
		04AC21151B2072E0007A780F /* AppDelegate.h */ = {isa = PBXFileReference; lastKnownFileType = sourcecode.c.h; path = AppDelegate.h; sourceTree = "<group>"; };
		04AC21161B2072E0007A780F /* AppDelegate.m */ = {isa = PBXFileReference; lastKnownFileType = sourcecode.c.objc; path = AppDelegate.m; sourceTree = "<group>"; };
		04AC21181B2072E0007A780F /* ViewController.h */ = {isa = PBXFileReference; lastKnownFileType = sourcecode.c.h; path = ViewController.h; sourceTree = "<group>"; };
		04AC21191B2072E0007A780F /* ViewController.m */ = {isa = PBXFileReference; lastKnownFileType = sourcecode.c.objc; path = ViewController.m; sourceTree = "<group>"; };
		04AC211E1B2072E0007A780F /* Images.xcassets */ = {isa = PBXFileReference; lastKnownFileType = folder.assetcatalog; path = Images.xcassets; sourceTree = "<group>"; };
		04AC21211B2072E0007A780F /* Base */ = {isa = PBXFileReference; lastKnownFileType = file.xib; name = Base; path = Base.lproj/LaunchScreen.xib; sourceTree = "<group>"; };
		04AC21271B2072E0007A780F /* HJCActionSheetDemoTests.xctest */ = {isa = PBXFileReference; explicitFileType = wrapper.cfbundle; includeInIndex = 0; path = HJCActionSheetDemoTests.xctest; sourceTree = BUILT_PRODUCTS_DIR; };
		04AC212C1B2072E0007A780F /* Info.plist */ = {isa = PBXFileReference; lastKnownFileType = text.plist.xml; path = Info.plist; sourceTree = "<group>"; };
		04AC212D1B2072E0007A780F /* HJCActionSheetDemoTests.m */ = {isa = PBXFileReference; lastKnownFileType = sourcecode.c.objc; path = HJCActionSheetDemoTests.m; sourceTree = "<group>"; };
		04AC21381B207302007A780F /* HJCActionSheet.h */ = {isa = PBXFileReference; fileEncoding = 4; lastKnownFileType = sourcecode.c.h; path = HJCActionSheet.h; sourceTree = "<group>"; };
		04AC21391B207302007A780F /* HJCActionSheet.m */ = {isa = PBXFileReference; fileEncoding = 4; lastKnownFileType = sourcecode.c.objc; path = HJCActionSheet.m; sourceTree = "<group>"; };
/* End PBXFileReference section */

/* Begin PBXFrameworksBuildPhase section */
		04AC210B1B2072E0007A780F /* Frameworks */ = {
			isa = PBXFrameworksBuildPhase;
			buildActionMask = 2147483647;
			files = (
			);
			runOnlyForDeploymentPostprocessing = 0;
		};
		04AC21241B2072E0007A780F /* Frameworks */ = {
			isa = PBXFrameworksBuildPhase;
			buildActionMask = 2147483647;
			files = (
			);
			runOnlyForDeploymentPostprocessing = 0;
		};
/* End PBXFrameworksBuildPhase section */

/* Begin PBXGroup section */
		04AC21051B2072E0007A780F = {
			isa = PBXGroup;
			children = (
				04AC21101B2072E0007A780F /* HJCActionSheetDemo */,
				04AC212A1B2072E0007A780F /* HJCActionSheetDemoTests */,
				04AC210F1B2072E0007A780F /* Products */,
			);
			sourceTree = "<group>";
		};
		04AC210F1B2072E0007A780F /* Products */ = {
			isa = PBXGroup;
			children = (
				04AC210E1B2072E0007A780F /* HJCActionSheetDemo.app */,
				04AC21271B2072E0007A780F /* HJCActionSheetDemoTests.xctest */,
			);
			name = Products;
			sourceTree = "<group>";
		};
		04AC21101B2072E0007A780F /* HJCActionSheetDemo */ = {
			isa = PBXGroup;
			children = (
				04AC21371B207302007A780F /* HJCActionSheet */,
				04AC21151B2072E0007A780F /* AppDelegate.h */,
				04AC21161B2072E0007A780F /* AppDelegate.m */,
				04AC21181B2072E0007A780F /* ViewController.h */,
				04AC21191B2072E0007A780F /* ViewController.m */,
				04AC211E1B2072E0007A780F /* Images.xcassets */,
				04AC21201B2072E0007A780F /* LaunchScreen.xib */,
				04AC21111B2072E0007A780F /* Supporting Files */,
			);
			path = HJCActionSheetDemo;
			sourceTree = "<group>";
		};
		04AC21111B2072E0007A780F /* Supporting Files */ = {
			isa = PBXGroup;
			children = (
				04AC21121B2072E0007A780F /* Info.plist */,
				04AC21131B2072E0007A780F /* main.m */,
			);
			name = "Supporting Files";
			sourceTree = "<group>";
		};
		04AC212A1B2072E0007A780F /* HJCActionSheetDemoTests */ = {
			isa = PBXGroup;
			children = (
				04AC212D1B2072E0007A780F /* HJCActionSheetDemoTests.m */,
				04AC212B1B2072E0007A780F /* Supporting Files */,
			);
			path = HJCActionSheetDemoTests;
			sourceTree = "<group>";
		};
		04AC212B1B2072E0007A780F /* Supporting Files */ = {
			isa = PBXGroup;
			children = (
				04AC212C1B2072E0007A780F /* Info.plist */,
			);
			name = "Supporting Files";
			sourceTree = "<group>";
		};
		04AC21371B207302007A780F /* HJCActionSheet */ = {
			isa = PBXGroup;
			children = (
				04AC21381B207302007A780F /* HJCActionSheet.h */,
				04AC21391B207302007A780F /* HJCActionSheet.m */,
			);
			path = HJCActionSheet;
			sourceTree = "<group>";
		};
/* End PBXGroup section */

/* Begin PBXNativeTarget section */
		04AC210D1B2072E0007A780F /* HJCActionSheetDemo */ = {
			isa = PBXNativeTarget;
			buildConfigurationList = 04AC21311B2072E0007A780F /* Build configuration list for PBXNativeTarget "HJCActionSheetDemo" */;
			buildPhases = (
				04AC210A1B2072E0007A780F /* Sources */,
				04AC210B1B2072E0007A780F /* Frameworks */,
				04AC210C1B2072E0007A780F /* Resources */,
			);
			buildRules = (
			);
			dependencies = (
			);
			name = HJCActionSheetDemo;
			productName = HJCActionSheetDemo;
			productReference = 04AC210E1B2072E0007A780F /* HJCActionSheetDemo.app */;
			productType = "com.apple.product-type.application";
		};
		04AC21261B2072E0007A780F /* HJCActionSheetDemoTests */ = {
			isa = PBXNativeTarget;
			buildConfigurationList = 04AC21341B2072E0007A780F /* Build configuration list for PBXNativeTarget "HJCActionSheetDemoTests" */;
			buildPhases = (
				04AC21231B2072E0007A780F /* Sources */,
				04AC21241B2072E0007A780F /* Frameworks */,
				04AC21251B2072E0007A780F /* Resources */,
			);
			buildRules = (
			);
			dependencies = (
				04AC21291B2072E0007A780F /* PBXTargetDependency */,
			);
			name = HJCActionSheetDemoTests;
			productName = HJCActionSheetDemoTests;
			productReference = 04AC21271B2072E0007A780F /* HJCActionSheetDemoTests.xctest */;
			productType = "com.apple.product-type.bundle.unit-test";
		};
/* End PBXNativeTarget section */

/* Begin PBXProject section */
		04AC21061B2072E0007A780F /* Project object */ = {
			isa = PBXProject;
			attributes = {
				LastUpgradeCheck = 0610;
				ORGANIZATIONNAME = HJaycee;
				TargetAttributes = {
					04AC210D1B2072E0007A780F = {
						CreatedOnToolsVersion = 6.1.1;
					};
					04AC21261B2072E0007A780F = {
						CreatedOnToolsVersion = 6.1.1;
						TestTargetID = 04AC210D1B2072E0007A780F;
					};
				};
			};
			buildConfigurationList = 04AC21091B2072E0007A780F /* Build configuration list for PBXProject "HJCActionSheetDemo" */;
			compatibilityVersion = "Xcode 3.2";
			developmentRegion = English;
			hasScannedForEncodings = 0;
			knownRegions = (
				en,
				Base,
			);
			mainGroup = 04AC21051B2072E0007A780F;
			productRefGroup = 04AC210F1B2072E0007A780F /* Products */;
			projectDirPath = "";
			projectRoot = "";
			targets = (
				04AC210D1B2072E0007A780F /* HJCActionSheetDemo */,
				04AC21261B2072E0007A780F /* HJCActionSheetDemoTests */,
			);
		};
/* End PBXProject section */

/* Begin PBXResourcesBuildPhase section */
		04AC210C1B2072E0007A780F /* Resources */ = {
			isa = PBXResourcesBuildPhase;
			buildActionMask = 2147483647;
			files = (
				04AC21221B2072E0007A780F /* LaunchScreen.xib in Resources */,
				04AC211F1B2072E0007A780F /* Images.xcassets in Resources */,
			);
			runOnlyForDeploymentPostprocessing = 0;
		};
		04AC21251B2072E0007A780F /* Resources */ = {
			isa = PBXResourcesBuildPhase;
			buildActionMask = 2147483647;
			files = (
			);
			runOnlyForDeploymentPostprocessing = 0;
		};
/* End PBXResourcesBuildPhase section */

/* Begin PBXSourcesBuildPhase section */
		04AC210A1B2072E0007A780F /* Sources */ = {
			isa = PBXSourcesBuildPhase;
			buildActionMask = 2147483647;
			files = (
				04AC211A1B2072E0007A780F /* ViewController.m in Sources */,
				04AC21171B2072E0007A780F /* AppDelegate.m in Sources */,
				04AC21141B2072E0007A780F /* main.m in Sources */,
				04AC213A1B207302007A780F /* HJCActionSheet.m in Sources */,
			);
			runOnlyForDeploymentPostprocessing = 0;
		};
		04AC21231B2072E0007A780F /* Sources */ = {
			isa = PBXSourcesBuildPhase;
			buildActionMask = 2147483647;
			files = (
				04AC212E1B2072E0007A780F /* HJCActionSheetDemoTests.m in Sources */,
			);
			runOnlyForDeploymentPostprocessing = 0;
		};
/* End PBXSourcesBuildPhase section */

/* Begin PBXTargetDependency section */
		04AC21291B2072E0007A780F /* PBXTargetDependency */ = {
			isa = PBXTargetDependency;
			target = 04AC210D1B2072E0007A780F /* HJCActionSheetDemo */;
			targetProxy = 04AC21281B2072E0007A780F /* PBXContainerItemProxy */;
		};
/* End PBXTargetDependency section */

/* Begin PBXVariantGroup section */
		04AC21201B2072E0007A780F /* LaunchScreen.xib */ = {
			isa = PBXVariantGroup;
			children = (
				04AC21211B2072E0007A780F /* Base */,
			);
			name = LaunchScreen.xib;
			sourceTree = "<group>";
		};
/* End PBXVariantGroup section */

/* Begin XCBuildConfiguration section */
		04AC212F1B2072E0007A780F /* Debug */ = {
			isa = XCBuildConfiguration;
			buildSettings = {
				ALWAYS_SEARCH_USER_PATHS = NO;
				CLANG_CXX_LANGUAGE_STANDARD = "gnu++0x";
				CLANG_CXX_LIBRARY = "libc++";
				CLANG_ENABLE_MODULES = YES;
				CLANG_ENABLE_OBJC_ARC = YES;
				CLANG_WARN_BOOL_CONVERSION = YES;
				CLANG_WARN_CONSTANT_CONVERSION = YES;
				CLANG_WARN_DIRECT_OBJC_ISA_USAGE = YES_ERROR;
				CLANG_WARN_EMPTY_BODY = YES;
				CLANG_WARN_ENUM_CONVERSION = YES;
				CLANG_WARN_INT_CONVERSION = YES;
				CLANG_WARN_OBJC_ROOT_CLASS = YES_ERROR;
				CLANG_WARN_UNREACHABLE_CODE = YES;
				CLANG_WARN__DUPLICATE_METHOD_MATCH = YES;
				"CODE_SIGN_IDENTITY[sdk=iphoneos*]" = "iPhone Developer";
				COPY_PHASE_STRIP = NO;
				ENABLE_STRICT_OBJC_MSGSEND = YES;
				GCC_C_LANGUAGE_STANDARD = gnu99;
				GCC_DYNAMIC_NO_PIC = NO;
				GCC_OPTIMIZATION_LEVEL = 0;
				GCC_PREPROCESSOR_DEFINITIONS = (
					"DEBUG=1",
					"$(inherited)",
				);
				GCC_SYMBOLS_PRIVATE_EXTERN = NO;
				GCC_WARN_64_TO_32_BIT_CONVERSION = YES;
				GCC_WARN_ABOUT_RETURN_TYPE = YES_ERROR;
				GCC_WARN_UNDECLARED_SELECTOR = YES;
				GCC_WARN_UNINITIALIZED_AUTOS = YES_AGGRESSIVE;
				GCC_WARN_UNUSED_FUNCTION = YES;
				GCC_WARN_UNUSED_VARIABLE = YES;
				IPHONEOS_DEPLOYMENT_TARGET = 8.1;
				MTL_ENABLE_DEBUG_INFO = YES;
				ONLY_ACTIVE_ARCH = YES;
				SDKROOT = iphoneos;
			};
			name = Debug;
		};
		04AC21301B2072E0007A780F /* Release */ = {
			isa = XCBuildConfiguration;
			buildSettings = {
				ALWAYS_SEARCH_USER_PATHS = NO;
				CLANG_CXX_LANGUAGE_STANDARD = "gnu++0x";
				CLANG_CXX_LIBRARY = "libc++";
				CLANG_ENABLE_MODULES = YES;
				CLANG_ENABLE_OBJC_ARC = YES;
				CLANG_WARN_BOOL_CONVERSION = YES;
				CLANG_WARN_CONSTANT_CONVERSION = YES;
				CLANG_WARN_DIRECT_OBJC_ISA_USAGE = YES_ERROR;
				CLANG_WARN_EMPTY_BODY = YES;
				CLANG_WARN_ENUM_CONVERSION = YES;
				CLANG_WARN_INT_CONVERSION = YES;
				CLANG_WARN_OBJC_ROOT_CLASS = YES_ERROR;
				CLANG_WARN_UNREACHABLE_CODE = YES;
				CLANG_WARN__DUPLICATE_METHOD_MATCH = YES;
				"CODE_SIGN_IDENTITY[sdk=iphoneos*]" = "iPhone Developer";
				COPY_PHASE_STRIP = YES;
				ENABLE_NS_ASSERTIONS = NO;
				ENABLE_STRICT_OBJC_MSGSEND = YES;
				GCC_C_LANGUAGE_STANDARD = gnu99;
				GCC_WARN_64_TO_32_BIT_CONVERSION = YES;
				GCC_WARN_ABOUT_RETURN_TYPE = YES_ERROR;
				GCC_WARN_UNDECLARED_SELECTOR = YES;
				GCC_WARN_UNINITIALIZED_AUTOS = YES_AGGRESSIVE;
				GCC_WARN_UNUSED_FUNCTION = YES;
				GCC_WARN_UNUSED_VARIABLE = YES;
				IPHONEOS_DEPLOYMENT_TARGET = 8.1;
				MTL_ENABLE_DEBUG_INFO = NO;
				SDKROOT = iphoneos;
				VALIDATE_PRODUCT = YES;
			};
			name = Release;
		};
		04AC21321B2072E0007A780F /* Debug */ = {
			isa = XCBuildConfiguration;
			buildSettings = {
				ASSETCATALOG_COMPILER_APPICON_NAME = AppIcon;
				INFOPLIST_FILE = HJCActionSheetDemo/Info.plist;
				IPHONEOS_DEPLOYMENT_TARGET = 6.0;
				LD_RUNPATH_SEARCH_PATHS = "$(inherited) @executable_path/Frameworks";
				PRODUCT_NAME = "$(TARGET_NAME)";
			};
			name = Debug;
		};
		04AC21331B2072E0007A780F /* Release */ = {
			isa = XCBuildConfiguration;
			buildSettings = {
				ASSETCATALOG_COMPILER_APPICON_NAME = AppIcon;
				INFOPLIST_FILE = HJCActionSheetDemo/Info.plist;
				IPHONEOS_DEPLOYMENT_TARGET = 6.0;
				LD_RUNPATH_SEARCH_PATHS = "$(inherited) @executable_path/Frameworks";
				PRODUCT_NAME = "$(TARGET_NAME)";
			};
			name = Release;
		};
		04AC21351B2072E0007A780F /* Debug */ = {
			isa = XCBuildConfiguration;
			buildSettings = {
				BUNDLE_LOADER = "$(TEST_HOST)";
				FRAMEWORK_SEARCH_PATHS = (
					"$(SDKROOT)/Developer/Library/Frameworks",
					"$(inherited)",
				);
				GCC_PREPROCESSOR_DEFINITIONS = (
					"DEBUG=1",
					"$(inherited)",
				);
				INFOPLIST_FILE = HJCActionSheetDemoTests/Info.plist;
				LD_RUNPATH_SEARCH_PATHS = "$(inherited) @executable_path/Frameworks @loader_path/Frameworks";
				PRODUCT_NAME = "$(TARGET_NAME)";
				TEST_HOST = "$(BUILT_PRODUCTS_DIR)/HJCActionSheetDemo.app/HJCActionSheetDemo";
			};
			name = Debug;
		};
		04AC21361B2072E0007A780F /* Release */ = {
			isa = XCBuildConfiguration;
			buildSettings = {
				BUNDLE_LOADER = "$(TEST_HOST)";
				FRAMEWORK_SEARCH_PATHS = (
					"$(SDKROOT)/Developer/Library/Frameworks",
					"$(inherited)",
				);
				INFOPLIST_FILE = HJCActionSheetDemoTests/Info.plist;
				LD_RUNPATH_SEARCH_PATHS = "$(inherited) @executable_path/Frameworks @loader_path/Frameworks";
				PRODUCT_NAME = "$(TARGET_NAME)";
				TEST_HOST = "$(BUILT_PRODUCTS_DIR)/HJCActionSheetDemo.app/HJCActionSheetDemo";
			};
			name = Release;
		};
/* End XCBuildConfiguration section */

/* Begin XCConfigurationList section */
		04AC21091B2072E0007A780F /* Build configuration list for PBXProject "HJCActionSheetDemo" */ = {
			isa = XCConfigurationList;
			buildConfigurations = (
				04AC212F1B2072E0007A780F /* Debug */,
				04AC21301B2072E0007A780F /* Release */,
			);
			defaultConfigurationIsVisible = 0;
			defaultConfigurationName = Release;
		};
		04AC21311B2072E0007A780F /* Build configuration list for PBXNativeTarget "HJCActionSheetDemo" */ = {
			isa = XCConfigurationList;
			buildConfigurations = (
				04AC21321B2072E0007A780F /* Debug */,
				04AC21331B2072E0007A780F /* Release */,
			);
			defaultConfigurationIsVisible = 0;
		};
		04AC21341B2072E0007A780F /* Build configuration list for PBXNativeTarget "HJCActionSheetDemoTests" */ = {
			isa = XCConfigurationList;
			buildConfigurations = (
				04AC21351B2072E0007A780F /* Debug */,
				04AC21361B2072E0007A780F /* Release */,
			);
			defaultConfigurationIsVisible = 0;
		};
/* End XCConfigurationList section */
	};
	rootObject = 04AC21061B2072E0007A780F /* Project object */;
}
